// !$*UTF8*$!
{
	archiveVersion = 1;
	classes = {
	};
	objectVersion = 50;
	objects = {

/* Begin PBXBuildFile section */
		90D241D721653C540054436E /* AppDelegate.swift in Sources */ = {isa = PBXBuildFile; fileRef = 90D241D621653C540054436E /* AppDelegate.swift */; };
		90D241DC21653C540054436E /* Main.storyboard in Resources */ = {isa = PBXBuildFile; fileRef = 90D241DA21653C540054436E /* Main.storyboard */; };
		90D241DF21653C540054436E /* Keystone_Park.xcdatamodeld in Sources */ = {isa = PBXBuildFile; fileRef = 90D241DD21653C540054436E /* Keystone_Park.xcdatamodeld */; };
		90D241E121653C560054436E /* Assets.xcassets in Resources */ = {isa = PBXBuildFile; fileRef = 90D241E021653C560054436E /* Assets.xcassets */; };
		90D241E421653C560054436E /* LaunchScreen.storyboard in Resources */ = {isa = PBXBuildFile; fileRef = 90D241E221653C560054436E /* LaunchScreen.storyboard */; };
		90D241EF21653F710054436E /* Lesson+CoreDataClass.swift in Sources */ = {isa = PBXBuildFile; fileRef = 90D241EB21653F710054436E /* Lesson+CoreDataClass.swift */; };
		90D241F021653F710054436E /* Lesson+CoreDataProperties.swift in Sources */ = {isa = PBXBuildFile; fileRef = 90D241EC21653F710054436E /* Lesson+CoreDataProperties.swift */; };
		90D241F121653F710054436E /* Student+CoreDataClass.swift in Sources */ = {isa = PBXBuildFile; fileRef = 90D241ED21653F710054436E /* Student+CoreDataClass.swift */; };
		90D241F221653F710054436E /* Student+CoreDataProperties.swift in Sources */ = {isa = PBXBuildFile; fileRef = 90D241EE21653F710054436E /* Student+CoreDataProperties.swift */; };
		90D241F521654E410054436E /* LessonTVC.swift in Sources */ = {isa = PBXBuildFile; fileRef = 90D241F421654E410054436E /* LessonTVC.swift */; };
		90D241F8216572920054436E /* LessonService.swift in Sources */ = {isa = PBXBuildFile; fileRef = 90D241F7216572920054436E /* LessonService.swift */; };
/* End PBXBuildFile section */

/* Begin PBXFileReference section */
		90D241D321653C540054436E /* Keystone Park.app */ = {isa = PBXFileReference; explicitFileType = wrapper.application; includeInIndex = 0; path = "Keystone Park.app"; sourceTree = BUILT_PRODUCTS_DIR; };
		90D241D621653C540054436E /* AppDelegate.swift */ = {isa = PBXFileReference; lastKnownFileType = sourcecode.swift; path = AppDelegate.swift; sourceTree = "<group>"; };
		90D241DB21653C540054436E /* Base */ = {isa = PBXFileReference; lastKnownFileType = file.storyboard; name = Base; path = Base.lproj/Main.storyboard; sourceTree = "<group>"; };
		90D241DE21653C540054436E /* Keystone_Park.xcdatamodel */ = {isa = PBXFileReference; lastKnownFileType = wrapper.xcdatamodel; path = Keystone_Park.xcdatamodel; sourceTree = "<group>"; };
		90D241E021653C560054436E /* Assets.xcassets */ = {isa = PBXFileReference; lastKnownFileType = folder.assetcatalog; path = Assets.xcassets; sourceTree = "<group>"; };
		90D241E321653C560054436E /* Base */ = {isa = PBXFileReference; lastKnownFileType = file.storyboard; name = Base; path = Base.lproj/LaunchScreen.storyboard; sourceTree = "<group>"; };
		90D241E521653C560054436E /* Info.plist */ = {isa = PBXFileReference; lastKnownFileType = text.plist.xml; path = Info.plist; sourceTree = "<group>"; };
		90D241EB21653F710054436E /* Lesson+CoreDataClass.swift */ = {isa = PBXFileReference; lastKnownFileType = sourcecode.swift; path = "Lesson+CoreDataClass.swift"; sourceTree = "<group>"; };
		90D241EC21653F710054436E /* Lesson+CoreDataProperties.swift */ = {isa = PBXFileReference; lastKnownFileType = sourcecode.swift; path = "Lesson+CoreDataProperties.swift"; sourceTree = "<group>"; };
		90D241ED21653F710054436E /* Student+CoreDataClass.swift */ = {isa = PBXFileReference; lastKnownFileType = sourcecode.swift; path = "Student+CoreDataClass.swift"; sourceTree = "<group>"; };
		90D241EE21653F710054436E /* Student+CoreDataProperties.swift */ = {isa = PBXFileReference; lastKnownFileType = sourcecode.swift; path = "Student+CoreDataProperties.swift"; sourceTree = "<group>"; };
		90D241F421654E410054436E /* LessonTVC.swift */ = {isa = PBXFileReference; lastKnownFileType = sourcecode.swift; path = LessonTVC.swift; sourceTree = "<group>"; };
		90D241F7216572920054436E /* LessonService.swift */ = {isa = PBXFileReference; lastKnownFileType = sourcecode.swift; path = LessonService.swift; sourceTree = "<group>"; };
/* End PBXFileReference section */

/* Begin PBXFrameworksBuildPhase section */
		90D241D021653C540054436E /* Frameworks */ = {
			isa = PBXFrameworksBuildPhase;
			buildActionMask = 2147483647;
			files = (
			);
			runOnlyForDeploymentPostprocessing = 0;
		};
/* End PBXFrameworksBuildPhase section */

/* Begin PBXGroup section */
		90D241CA21653C540054436E = {
			isa = PBXGroup;
			children = (
				90D241D521653C540054436E /* Keystone Park */,
				90D241D421653C540054436E /* Products */,
			);
			sourceTree = "<group>";
		};
		90D241D421653C540054436E /* Products */ = {
			isa = PBXGroup;
			children = (
				90D241D321653C540054436E /* Keystone Park.app */,
			);
			name = Products;
			sourceTree = "<group>";
		};
		90D241D521653C540054436E /* Keystone Park */ = {
			isa = PBXGroup;
			children = (
				90D241F9216572A60054436E /* Service */,
				90D241F62165697B0054436E /* Controller */,
				90D241F3216540130054436E /* DataModel */,
				90D241D621653C540054436E /* AppDelegate.swift */,
				90D241DA21653C540054436E /* Main.storyboard */,
				90D241E021653C560054436E /* Assets.xcassets */,
				90D241E221653C560054436E /* LaunchScreen.storyboard */,
				90D241E521653C560054436E /* Info.plist */,
			);
			path = "Keystone Park";
			sourceTree = "<group>";
		};
		90D241F3216540130054436E /* DataModel */ = {
			isa = PBXGroup;
			children = (
				90D241DD21653C540054436E /* Keystone_Park.xcdatamodeld */,
				90D241EB21653F710054436E /* Lesson+CoreDataClass.swift */,
				90D241EC21653F710054436E /* Lesson+CoreDataProperties.swift */,
				90D241ED21653F710054436E /* Student+CoreDataClass.swift */,
				90D241EE21653F710054436E /* Student+CoreDataProperties.swift */,
			);
			path = DataModel;
			sourceTree = "<group>";
		};
		90D241F62165697B0054436E /* Controller */ = {
			isa = PBXGroup;
			children = (
				90D241F421654E410054436E /* LessonTVC.swift */,
			);
			path = Controller;
			sourceTree = "<group>";
		};
		90D241F9216572A60054436E /* Service */ = {
			isa = PBXGroup;
			children = (
				90D241F7216572920054436E /* LessonService.swift */,
			);
			path = Service;
			sourceTree = "<group>";
		};
/* End PBXGroup section */

/* Begin PBXNativeTarget section */
		90D241D221653C540054436E /* Keystone Park */ = {
			isa = PBXNativeTarget;
			buildConfigurationList = 90D241E821653C560054436E /* Build configuration list for PBXNativeTarget "Keystone Park" */;
			buildPhases = (
				90D241CF21653C540054436E /* Sources */,
				90D241D021653C540054436E /* Frameworks */,
				90D241D121653C540054436E /* Resources */,
			);
			buildRules = (
			);
			dependencies = (
			);
			name = "Keystone Park";
			productName = "Keystone Park";
			productReference = 90D241D321653C540054436E /* Keystone Park.app */;
			productType = "com.apple.product-type.application";
		};
/* End PBXNativeTarget section */

/* Begin PBXProject section */
		90D241CB21653C540054436E /* Project object */ = {
			isa = PBXProject;
			attributes = {
				LastSwiftUpdateCheck = 1000;
				LastUpgradeCheck = 1000;
				ORGANIZATIONNAME = "David Bratton";
				TargetAttributes = {
					90D241D221653C540054436E = {
						CreatedOnToolsVersion = 10.0;
					};
				};
			};
			buildConfigurationList = 90D241CE21653C540054436E /* Build configuration list for PBXProject "Keystone Park" */;
			compatibilityVersion = "Xcode 9.3";
			developmentRegion = en;
			hasScannedForEncodings = 0;
			knownRegions = (
				en,
				Base,
			);
			mainGroup = 90D241CA21653C540054436E;
			productRefGroup = 90D241D421653C540054436E /* Products */;
			projectDirPath = "";
			projectRoot = "";
			targets = (
				90D241D221653C540054436E /* Keystone Park */,
			);
		};
/* End PBXProject section */

/* Begin PBXResourcesBuildPhase section */
		90D241D121653C540054436E /* Resources */ = {
			isa = PBXResourcesBuildPhase;
			buildActionMask = 2147483647;
			files = (
				90D241E421653C560054436E /* LaunchScreen.storyboard in Resources */,
				90D241E121653C560054436E /* Assets.xcassets in Resources */,
				90D241DC21653C540054436E /* Main.storyboard in Resources */,
			);
			runOnlyForDeploymentPostprocessing = 0;
		};
/* End PBXResourcesBuildPhase section */

/* Begin PBXSourcesBuildPhase section */
		90D241CF21653C540054436E /* Sources */ = {
			isa = PBXSourcesBuildPhase;
			buildActionMask = 2147483647;
			files = (
				90D241DF21653C540054436E /* Keystone_Park.xcdatamodeld in Sources */,
				90D241F121653F710054436E /* Student+CoreDataClass.swift in Sources */,
				90D241EF21653F710054436E /* Lesson+CoreDataClass.swift in Sources */,
				90D241F8216572920054436E /* LessonService.swift in Sources */,
				90D241F021653F710054436E /* Lesson+CoreDataProperties.swift in Sources */,
				90D241D721653C540054436E /* AppDelegate.swift in Sources */,
				90D241F221653F710054436E /* Student+CoreDataProperties.swift in Sources */,
				90D241F521654E410054436E /* LessonTVC.swift in Sources */,
			);
			runOnlyForDeploymentPostprocessing = 0;
		};
/* End PBXSourcesBuildPhase section */

/* Begin PBXVariantGroup section */
		90D241DA21653C540054436E /* Main.storyboard */ = {
			isa = PBXVariantGroup;
			children = (
				90D241DB21653C540054436E /* Base */,
			);
			name = Main.storyboard;
			sourceTree = "<group>";
		};
		90D241E221653C560054436E /* LaunchScreen.storyboard */ = {
			isa = PBXVariantGroup;
			children = (
				90D241E321653C560054436E /* Base */,
			);
			name = LaunchScreen.storyboard;
			sourceTree = "<group>";
		};
/* End PBXVariantGroup section */

/* Begin XCBuildConfiguration section */
		90D241E621653C560054436E /* Debug */ = {
			isa = XCBuildConfiguration;
			buildSettings = {
				ALWAYS_SEARCH_USER_PATHS = NO;
				CLANG_ANALYZER_NONNULL = YES;
				CLANG_ANALYZER_NUMBER_OBJECT_CONVERSION = YES_AGGRESSIVE;
				CLANG_CXX_LANGUAGE_STANDARD = "gnu++14";
				CLANG_CXX_LIBRARY = "libc++";
				CLANG_ENABLE_MODULES = YES;
				CLANG_ENABLE_OBJC_ARC = YES;
				CLANG_ENABLE_OBJC_WEAK = YES;
				CLANG_WARN_BLOCK_CAPTURE_AUTORELEASING = YES;
				CLANG_WARN_BOOL_CONVERSION = YES;
				CLANG_WARN_COMMA = YES;
				CLANG_WARN_CONSTANT_CONVERSION = YES;
				CLANG_WARN_DEPRECATED_OBJC_IMPLEMENTATIONS = YES;
				CLANG_WARN_DIRECT_OBJC_ISA_USAGE = YES_ERROR;
				CLANG_WARN_DOCUMENTATION_COMMENTS = YES;
				CLANG_WARN_EMPTY_BODY = YES;
				CLANG_WARN_ENUM_CONVERSION = YES;
				CLANG_WARN_INFINITE_RECURSION = YES;
				CLANG_WARN_INT_CONVERSION = YES;
				CLANG_WARN_NON_LITERAL_NULL_CONVERSION = YES;
				CLANG_WARN_OBJC_IMPLICIT_RETAIN_SELF = YES;
				CLANG_WARN_OBJC_LITERAL_CONVERSION = YES;
				CLANG_WARN_OBJC_ROOT_CLASS = YES_ERROR;
				CLANG_WARN_RANGE_LOOP_ANALYSIS = YES;
				CLANG_WARN_STRICT_PROTOTYPES = YES;
				CLANG_WARN_SUSPICIOUS_MOVE = YES;
				CLANG_WARN_UNGUARDED_AVAILABILITY = YES_AGGRESSIVE;
				CLANG_WARN_UNREACHABLE_CODE = YES;
				CLANG_WARN__DUPLICATE_METHOD_MATCH = YES;
				CODE_SIGN_IDENTITY = "iPhone Developer";
				COPY_PHASE_STRIP = NO;
				DEBUG_INFORMATION_FORMAT = dwarf;
				ENABLE_STRICT_OBJC_MSGSEND = YES;
				ENABLE_TESTABILITY = YES;
				GCC_C_LANGUAGE_STANDARD = gnu11;
				GCC_DYNAMIC_NO_PIC = NO;
				GCC_NO_COMMON_BLOCKS = YES;
				GCC_OPTIMIZATION_LEVEL = 0;
				GCC_PREPROCESSOR_DEFINITIONS = (
					"DEBUG=1",
					"$(inherited)",
				);
				GCC_WARN_64_TO_32_BIT_CONVERSION = YES;
				GCC_WARN_ABOUT_RETURN_TYPE = YES_ERROR;
				GCC_WARN_UNDECLARED_SELECTOR = YES;
				GCC_WARN_UNINITIALIZED_AUTOS = YES_AGGRESSIVE;
				GCC_WARN_UNUSED_FUNCTION = YES;
				GCC_WARN_UNUSED_VARIABLE = YES;
				IPHONEOS_DEPLOYMENT_TARGET = 12.0;
				MTL_ENABLE_DEBUG_INFO = INCLUDE_SOURCE;
				MTL_FAST_MATH = YES;
				ONLY_ACTIVE_ARCH = YES;
				SDKROOT = iphoneos;
				SWIFT_ACTIVE_COMPILATION_CONDITIONS = DEBUG;
				SWIFT_OPTIMIZATION_LEVEL = "-Onone";
			};
			name = Debug;
		};
		90D241E721653C560054436E /* Release */ = {
			isa = XCBuildConfiguration;
			buildSettings = {
				ALWAYS_SEARCH_USER_PATHS = NO;
				CLANG_ANALYZER_NONNULL = YES;
				CLANG_ANALYZER_NUMBER_OBJECT_CONVERSION = YES_AGGRESSIVE;
				CLANG_CXX_LANGUAGE_STANDARD = "gnu++14";
				CLANG_CXX_LIBRARY = "libc++";
				CLANG_ENABLE_MODULES = YES;
				CLANG_ENABLE_OBJC_ARC = YES;
				CLANG_ENABLE_OBJC_WEAK = YES;
				CLANG_WARN_BLOCK_CAPTURE_AUTORELEASING = YES;
				CLANG_WARN_BOOL_CONVERSION = YES;
				CLANG_WARN_COMMA = YES;
				CLANG_WARN_CONSTANT_CONVERSION = YES;
				CLANG_WARN_DEPRECATED_OBJC_IMPLEMENTATIONS = YES;
				CLANG_WARN_DIRECT_OBJC_ISA_USAGE = YES_ERROR;
				CLANG_WARN_DOCUMENTATION_COMMENTS = YES;
				CLANG_WARN_EMPTY_BODY = YES;
				CLANG_WARN_ENUM_CONVERSION = YES;
				CLANG_WARN_INFINITE_RECURSION = YES;
				CLANG_WARN_INT_CONVERSION = YES;
				CLANG_WARN_NON_LITERAL_NULL_CONVERSION = YES;
				CLANG_WARN_OBJC_IMPLICIT_RETAIN_SELF = YES;
				CLANG_WARN_OBJC_LITERAL_CONVERSION = YES;
				CLANG_WARN_OBJC_ROOT_CLASS = YES_ERROR;
				CLANG_WARN_RANGE_LOOP_ANALYSIS = YES;
				CLANG_WARN_STRICT_PROTOTYPES = YES;
				CLANG_WARN_SUSPICIOUS_MOVE = YES;
				CLANG_WARN_UNGUARDED_AVAILABILITY = YES_AGGRESSIVE;
				CLANG_WARN_UNREACHABLE_CODE = YES;
				CLANG_WARN__DUPLICATE_METHOD_MATCH = YES;
				CODE_SIGN_IDENTITY = "iPhone Developer";
				COPY_PHASE_STRIP = NO;
				DEBUG_INFORMATION_FORMAT = "dwarf-with-dsym";
				ENABLE_NS_ASSERTIONS = NO;
				ENABLE_STRICT_OBJC_MSGSEND = YES;
				GCC_C_LANGUAGE_STANDARD = gnu11;
				GCC_NO_COMMON_BLOCKS = YES;
				GCC_WARN_64_TO_32_BIT_CONVERSION = YES;
				GCC_WARN_ABOUT_RETURN_TYPE = YES_ERROR;
				GCC_WARN_UNDECLARED_SELECTOR = YES;
				GCC_WARN_UNINITIALIZED_AUTOS = YES_AGGRESSIVE;
				GCC_WARN_UNUSED_FUNCTION = YES;
				GCC_WARN_UNUSED_VARIABLE = YES;
				IPHONEOS_DEPLOYMENT_TARGET = 12.0;
				MTL_ENABLE_DEBUG_INFO = NO;
				MTL_FAST_MATH = YES;
				SDKROOT = iphoneos;
				SWIFT_COMPILATION_MODE = wholemodule;
				SWIFT_OPTIMIZATION_LEVEL = "-O";
				VALIDATE_PRODUCT = YES;
			};
			name = Release;
		};
		90D241E921653C560054436E /* Debug */ = {
			isa = XCBuildConfiguration;
			buildSettings = {
				ASSETCATALOG_COMPILER_APPICON_NAME = AppIcon;
				CODE_SIGN_STYLE = Automatic;
				DEVELOPMENT_TEAM = 38CU8Z7F4U;
				INFOPLIST_FILE = "Keystone Park/Info.plist";
				LD_RUNPATH_SEARCH_PATHS = (
					"$(inherited)",
					"@executable_path/Frameworks",
				);
				PRODUCT_BUNDLE_IDENTIFIER = "com.davidbratton.Keystone-Park";
				PRODUCT_NAME = "$(TARGET_NAME)";
				SWIFT_VERSION = 4.2;
				TARGETED_DEVICE_FAMILY = "1,2";
			};
			name = Debug;
		};
		90D241EA21653C560054436E /* Release */ = {
			isa = XCBuildConfiguration;
			buildSettings = {
				ASSETCATALOG_COMPILER_APPICON_NAME = AppIcon;
				CODE_SIGN_STYLE = Automatic;
				DEVELOPMENT_TEAM = 38CU8Z7F4U;
				INFOPLIST_FILE = "Keystone Park/Info.plist";
				LD_RUNPATH_SEARCH_PATHS = (
					"$(inherited)",
					"@executable_path/Frameworks",
				);
				PRODUCT_BUNDLE_IDENTIFIER = "com.davidbratton.Keystone-Park";
				PRODUCT_NAME = "$(TARGET_NAME)";
				SWIFT_VERSION = 4.2;
				TARGETED_DEVICE_FAMILY = "1,2";
			};
			name = Release;
		};
/* End XCBuildConfiguration section */

/* Begin XCConfigurationList section */
		90D241CE21653C540054436E /* Build configuration list for PBXProject "Keystone Park" */ = {
			isa = XCConfigurationList;
			buildConfigurations = (
				90D241E621653C560054436E /* Debug */,
				90D241E721653C560054436E /* Release */,
			);
			defaultConfigurationIsVisible = 0;
			defaultConfigurationName = Release;
		};
		90D241E821653C560054436E /* Build configuration list for PBXNativeTarget "Keystone Park" */ = {
			isa = XCConfigurationList;
			buildConfigurations = (
				90D241E921653C560054436E /* Debug */,
				90D241EA21653C560054436E /* Release */,
			);
			defaultConfigurationIsVisible = 0;
			defaultConfigurationName = Release;
		};
/* End XCConfigurationList section */

/* Begin XCVersionGroup section */
		90D241DD21653C540054436E /* Keystone_Park.xcdatamodeld */ = {
			isa = XCVersionGroup;
			children = (
				90D241DE21653C540054436E /* Keystone_Park.xcdatamodel */,
			);
			currentVersion = 90D241DE21653C540054436E /* Keystone_Park.xcdatamodel */;
			path = Keystone_Park.xcdatamodeld;
			sourceTree = "<group>";
			versionGroupType = wrapper.xcdatamodel;
		};
/* End XCVersionGroup section */
	};
	rootObject = 90D241CB21653C540054436E /* Project object */;
}
